
Microsoft Visual Studio Solution File, Format Version 12.00
# Visual Studio Version 16
VisualStudioVersion = 16.0.29926.136
MinimumVisualStudioVersion = 10.0.40219.1
Project("{FAE04EC0-301F-11D3-BF4B-00C04F79EFBC}") = "Kolokwium", "Kolokwium.csproj", "{C00DBDB0-680A-4F5D-ACC3-741EDBDDC987}"
EndProject
Global
	GlobalSection(SolutionConfigurationPlatforms) = preSolution
		Debug|Any CPU = Debug|Any CPU
		Release|Any CPU = Release|Any CPU
	EndGlobalSection
	GlobalSection(ProjectConfigurationPlatforms) = postSolution
		{C00DBDB0-680A-4F5D-ACC3-741EDBDDC987}.Debug|Any CPU.ActiveCfg = Debug|Any CPU
		{C00DBDB0-680A-4F5D-ACC3-741EDBDDC987}.Debug|Any CPU.Build.0 = Debug|Any CPU
		{C00DBDB0-680A-4F5D-ACC3-741EDBDDC987}.Release|Any CPU.ActiveCfg = Release|Any CPU
		{C00DBDB0-680A-4F5D-ACC3-741EDBDDC987}.Release|Any CPU.Build.0 = Release|Any CPU
	EndGlobalSection
	GlobalSection(SolutionProperties) = preSolution
		HideSolutionNode = FALSE
	EndGlobalSection
	GlobalSection(ExtensibilityGlobals) = postSolution
		SolutionGuid = {CB4FB2AA-EFCB-48C3-9C0B-F488EC815151}
	EndGlobalSection
EndGlobal
